
Microsoft Visual Studio Solution File, Format Version 12.00
# Visual Studio Version 16
VisualStudioVersion = 16.0.34601.136
MinimumVisualStudioVersion = 10.0.40219.1
Project("{FAE04EC0-301F-11D3-BF4B-00C04F79EFBC}") = "WebBanHang", "WebBanHang\WebBanHang.csproj", "{41DE180B-83BC-430E-A21F-C295CE36A02A}"
EndProject
Global
	GlobalSection(SolutionConfigurationPlatforms) = preSolution
		Debug|Any CPU = Debug|Any CPU
		Release|Any CPU = Release|Any CPU
	EndGlobalSection
	GlobalSection(ProjectConfigurationPlatforms) = postSolution
		{41DE180B-83BC-430E-A21F-C295CE36A02A}.Debug|Any CPU.ActiveCfg = Debug|Any CPU
		{41DE180B-83BC-430E-A21F-C295CE36A02A}.Debug|Any CPU.Build.0 = Debug|Any CPU
		{41DE180B-83BC-430E-A21F-C295CE36A02A}.Release|Any CPU.ActiveCfg = Release|Any CPU
		{41DE180B-83BC-430E-A21F-C295CE36A02A}.Release|Any CPU.Build.0 = Release|Any CPU
	EndGlobalSection
	GlobalSection(SolutionProperties) = preSolution
		HideSolutionNode = FALSE
	EndGlobalSection
	GlobalSection(ExtensibilityGlobals) = postSolution
		SolutionGuid = {7245F2A1-1796-4E93-B3C4-B54702E7D231}
	EndGlobalSection
EndGlobal
